// !$*UTF8*$!
{
	archiveVersion = 1;
	classes = {
	};
	objectVersion = 56;
	objects = {

/* Begin PBXBuildFile section */
		7579064F29810A17003D5155 /* Foodie_PalApp.swift in Sources */ = {isa = PBXBuildFile; fileRef = 7579064E29810A17003D5155 /* Foodie_PalApp.swift */; };
		7579065129810A17003D5155 /* ContentView.swift in Sources */ = {isa = PBXBuildFile; fileRef = 7579065029810A17003D5155 /* ContentView.swift */; };
		7579065329810A1D003D5155 /* Assets.xcassets in Resources */ = {isa = PBXBuildFile; fileRef = 7579065229810A1D003D5155 /* Assets.xcassets */; };
		7579065629810A1D003D5155 /* Preview Assets.xcassets in Resources */ = {isa = PBXBuildFile; fileRef = 7579065529810A1D003D5155 /* Preview Assets.xcassets */; };
		7579066029810A1E003D5155 /* Foodie_PalTests.swift in Sources */ = {isa = PBXBuildFile; fileRef = 7579065F29810A1E003D5155 /* Foodie_PalTests.swift */; };
		7579066A29810A1F003D5155 /* Foodie_PalUITests.swift in Sources */ = {isa = PBXBuildFile; fileRef = 7579066929810A1F003D5155 /* Foodie_PalUITests.swift */; };
		7579066C29810A1F003D5155 /* Foodie_PalUITestsLaunchTests.swift in Sources */ = {isa = PBXBuildFile; fileRef = 7579066B29810A1F003D5155 /* Foodie_PalUITestsLaunchTests.swift */; };
		7579067C2981252F003D5155 /* FirebaseAuth in Frameworks */ = {isa = PBXBuildFile; productRef = 7579067B2981252F003D5155 /* FirebaseAuth */; };
		7579067E2981252F003D5155 /* FirebaseFirestore in Frameworks */ = {isa = PBXBuildFile; productRef = 7579067D2981252F003D5155 /* FirebaseFirestore */; };
		757906802981252F003D5155 /* FirebaseFirestoreSwift in Frameworks */ = {isa = PBXBuildFile; productRef = 7579067F2981252F003D5155 /* FirebaseFirestoreSwift */; };
		757906822981252F003D5155 /* FirebaseFunctions in Frameworks */ = {isa = PBXBuildFile; productRef = 757906812981252F003D5155 /* FirebaseFunctions */; };
		75D2ECEF29826B2500B4217D /* GoogleService-Info.plist in Resources */ = {isa = PBXBuildFile; fileRef = 75D2ECEE29826B2400B4217D /* GoogleService-Info.plist */; };
/* End PBXBuildFile section */

/* Begin PBXContainerItemProxy section */
		7579065C29810A1E003D5155 /* PBXContainerItemProxy */ = {
			isa = PBXContainerItemProxy;
			containerPortal = 7579064329810A16003D5155 /* Project object */;
			proxyType = 1;
			remoteGlobalIDString = 7579064A29810A17003D5155;
			remoteInfo = "Foodie Pal";
		};
		7579066629810A1F003D5155 /* PBXContainerItemProxy */ = {
			isa = PBXContainerItemProxy;
			containerPortal = 7579064329810A16003D5155 /* Project object */;
			proxyType = 1;
			remoteGlobalIDString = 7579064A29810A17003D5155;
			remoteInfo = "Foodie Pal";
		};
/* End PBXContainerItemProxy section */

/* Begin PBXFileReference section */
		7579064B29810A17003D5155 /* Foodie Pal.app */ = {isa = PBXFileReference; explicitFileType = wrapper.application; includeInIndex = 0; path = "Foodie Pal.app"; sourceTree = BUILT_PRODUCTS_DIR; };
		7579064E29810A17003D5155 /* Foodie_PalApp.swift */ = {isa = PBXFileReference; lastKnownFileType = sourcecode.swift; path = Foodie_PalApp.swift; sourceTree = "<group>"; };
		7579065029810A17003D5155 /* ContentView.swift */ = {isa = PBXFileReference; lastKnownFileType = sourcecode.swift; path = ContentView.swift; sourceTree = "<group>"; };
		7579065229810A1D003D5155 /* Assets.xcassets */ = {isa = PBXFileReference; lastKnownFileType = folder.assetcatalog; path = Assets.xcassets; sourceTree = "<group>"; };
		7579065529810A1D003D5155 /* Preview Assets.xcassets */ = {isa = PBXFileReference; lastKnownFileType = folder.assetcatalog; path = "Preview Assets.xcassets"; sourceTree = "<group>"; };
		7579065B29810A1E003D5155 /* Foodie PalTests.xctest */ = {isa = PBXFileReference; explicitFileType = wrapper.cfbundle; includeInIndex = 0; path = "Foodie PalTests.xctest"; sourceTree = BUILT_PRODUCTS_DIR; };
		7579065F29810A1E003D5155 /* Foodie_PalTests.swift */ = {isa = PBXFileReference; lastKnownFileType = sourcecode.swift; path = Foodie_PalTests.swift; sourceTree = "<group>"; };
		7579066529810A1F003D5155 /* Foodie PalUITests.xctest */ = {isa = PBXFileReference; explicitFileType = wrapper.cfbundle; includeInIndex = 0; path = "Foodie PalUITests.xctest"; sourceTree = BUILT_PRODUCTS_DIR; };
		7579066929810A1F003D5155 /* Foodie_PalUITests.swift */ = {isa = PBXFileReference; lastKnownFileType = sourcecode.swift; path = Foodie_PalUITests.swift; sourceTree = "<group>"; };
		7579066B29810A1F003D5155 /* Foodie_PalUITestsLaunchTests.swift */ = {isa = PBXFileReference; lastKnownFileType = sourcecode.swift; path = Foodie_PalUITestsLaunchTests.swift; sourceTree = "<group>"; };
		75D2ECEE29826B2400B4217D /* GoogleService-Info.plist */ = {isa = PBXFileReference; fileEncoding = 4; lastKnownFileType = text.plist.xml; path = "GoogleService-Info.plist"; sourceTree = "<group>"; };
/* End PBXFileReference section */

/* Begin PBXFrameworksBuildPhase section */
		7579064829810A17003D5155 /* Frameworks */ = {
			isa = PBXFrameworksBuildPhase;
			buildActionMask = 2147483647;
			files = (
				7579067C2981252F003D5155 /* FirebaseAuth in Frameworks */,
				7579067E2981252F003D5155 /* FirebaseFirestore in Frameworks */,
				757906802981252F003D5155 /* FirebaseFirestoreSwift in Frameworks */,
				757906822981252F003D5155 /* FirebaseFunctions in Frameworks */,
			);
			runOnlyForDeploymentPostprocessing = 0;
		};
		7579065829810A1E003D5155 /* Frameworks */ = {
			isa = PBXFrameworksBuildPhase;
			buildActionMask = 2147483647;
			files = (
			);
			runOnlyForDeploymentPostprocessing = 0;
		};
		7579066229810A1F003D5155 /* Frameworks */ = {
			isa = PBXFrameworksBuildPhase;
			buildActionMask = 2147483647;
			files = (
			);
			runOnlyForDeploymentPostprocessing = 0;
		};
/* End PBXFrameworksBuildPhase section */

/* Begin PBXGroup section */
		7579064229810A16003D5155 = {
			isa = PBXGroup;
			children = (
				7579064D29810A17003D5155 /* Foodie Pal */,
				7579065E29810A1E003D5155 /* Foodie PalTests */,
				7579066829810A1F003D5155 /* Foodie PalUITests */,
				7579064C29810A17003D5155 /* Products */,
			);
			sourceTree = "<group>";
		};
		7579064C29810A17003D5155 /* Products */ = {
			isa = PBXGroup;
			children = (
				7579064B29810A17003D5155 /* Foodie Pal.app */,
				7579065B29810A1E003D5155 /* Foodie PalTests.xctest */,
				7579066529810A1F003D5155 /* Foodie PalUITests.xctest */,
			);
			name = Products;
			sourceTree = "<group>";
		};
		7579064D29810A17003D5155 /* Foodie Pal */ = {
			isa = PBXGroup;
			children = (
				7579064E29810A17003D5155 /* Foodie_PalApp.swift */,
				7579065029810A17003D5155 /* ContentView.swift */,
				7579065229810A1D003D5155 /* Assets.xcassets */,
				75D2ECEE29826B2400B4217D /* GoogleService-Info.plist */,
				7579065429810A1D003D5155 /* Preview Content */,
			);
			path = "Foodie Pal";
			sourceTree = "<group>";
		};
		7579065429810A1D003D5155 /* Preview Content */ = {
			isa = PBXGroup;
			children = (
				7579065529810A1D003D5155 /* Preview Assets.xcassets */,
			);
			path = "Preview Content";
			sourceTree = "<group>";
		};
		7579065E29810A1E003D5155 /* Foodie PalTests */ = {
			isa = PBXGroup;
			children = (
				7579065F29810A1E003D5155 /* Foodie_PalTests.swift */,
			);
			path = "Foodie PalTests";
			sourceTree = "<group>";
		};
		7579066829810A1F003D5155 /* Foodie PalUITests */ = {
			isa = PBXGroup;
			children = (
				7579066929810A1F003D5155 /* Foodie_PalUITests.swift */,
				7579066B29810A1F003D5155 /* Foodie_PalUITestsLaunchTests.swift */,
			);
			path = "Foodie PalUITests";
			sourceTree = "<group>";
		};
/* End PBXGroup section */

/* Begin PBXNativeTarget section */
		7579064A29810A17003D5155 /* Foodie Pal */ = {
			isa = PBXNativeTarget;
			buildConfigurationList = 7579066F29810A1F003D5155 /* Build configuration list for PBXNativeTarget "Foodie Pal" */;
			buildPhases = (
				7579064729810A17003D5155 /* Sources */,
				7579064829810A17003D5155 /* Frameworks */,
				7579064929810A17003D5155 /* Resources */,
			);
			buildRules = (
			);
			dependencies = (
			);
			name = "Foodie Pal";
			packageProductDependencies = (
				7579067B2981252F003D5155 /* FirebaseAuth */,
				7579067D2981252F003D5155 /* FirebaseFirestore */,
				7579067F2981252F003D5155 /* FirebaseFirestoreSwift */,
				757906812981252F003D5155 /* FirebaseFunctions */,
			);
			productName = "Foodie Pal";
			productReference = 7579064B29810A17003D5155 /* Foodie Pal.app */;
			productType = "com.apple.product-type.application";
		};
		7579065A29810A1E003D5155 /* Foodie PalTests */ = {
			isa = PBXNativeTarget;
			buildConfigurationList = 7579067229810A1F003D5155 /* Build configuration list for PBXNativeTarget "Foodie PalTests" */;
			buildPhases = (
				7579065729810A1E003D5155 /* Sources */,
				7579065829810A1E003D5155 /* Frameworks */,
				7579065929810A1E003D5155 /* Resources */,
			);
			buildRules = (
			);
			dependencies = (
				7579065D29810A1E003D5155 /* PBXTargetDependency */,
			);
			name = "Foodie PalTests";
			productName = "Foodie PalTests";
			productReference = 7579065B29810A1E003D5155 /* Foodie PalTests.xctest */;
			productType = "com.apple.product-type.bundle.unit-test";
		};
		7579066429810A1F003D5155 /* Foodie PalUITests */ = {
			isa = PBXNativeTarget;
			buildConfigurationList = 7579067529810A1F003D5155 /* Build configuration list for PBXNativeTarget "Foodie PalUITests" */;
			buildPhases = (
				7579066129810A1F003D5155 /* Sources */,
				7579066229810A1F003D5155 /* Frameworks */,
				7579066329810A1F003D5155 /* Resources */,
			);
			buildRules = (
			);
			dependencies = (
				7579066729810A1F003D5155 /* PBXTargetDependency */,
			);
			name = "Foodie PalUITests";
			productName = "Foodie PalUITests";
			productReference = 7579066529810A1F003D5155 /* Foodie PalUITests.xctest */;
			productType = "com.apple.product-type.bundle.ui-testing";
		};
/* End PBXNativeTarget section */

/* Begin PBXProject section */
		7579064329810A16003D5155 /* Project object */ = {
			isa = PBXProject;
			attributes = {
				BuildIndependentTargetsInParallel = 1;
				LastSwiftUpdateCheck = 1420;
				LastUpgradeCheck = 1420;
				TargetAttributes = {
					7579064A29810A17003D5155 = {
						CreatedOnToolsVersion = 14.2;
					};
					7579065A29810A1E003D5155 = {
						CreatedOnToolsVersion = 14.2;
						TestTargetID = 7579064A29810A17003D5155;
					};
					7579066429810A1F003D5155 = {
						CreatedOnToolsVersion = 14.2;
						TestTargetID = 7579064A29810A17003D5155;
					};
				};
			};
			buildConfigurationList = 7579064629810A16003D5155 /* Build configuration list for PBXProject "Foodie Pal" */;
			compatibilityVersion = "Xcode 14.0";
			developmentRegion = en;
			hasScannedForEncodings = 0;
			knownRegions = (
				en,
				Base,
			);
			mainGroup = 7579064229810A16003D5155;
			packageReferences = (
				7579067A2981252F003D5155 /* XCRemoteSwiftPackageReference "firebase-ios-sdk" */,
			);
			productRefGroup = 7579064C29810A17003D5155 /* Products */;
			projectDirPath = "";
			projectRoot = "";
			targets = (
				7579064A29810A17003D5155 /* Foodie Pal */,
				7579065A29810A1E003D5155 /* Foodie PalTests */,
				7579066429810A1F003D5155 /* Foodie PalUITests */,
			);
		};
/* End PBXProject section */

/* Begin PBXResourcesBuildPhase section */
		7579064929810A17003D5155 /* Resources */ = {
			isa = PBXResourcesBuildPhase;
			buildActionMask = 2147483647;
			files = (
				7579065629810A1D003D5155 /* Preview Assets.xcassets in Resources */,
				7579065329810A1D003D5155 /* Assets.xcassets in Resources */,
				75D2ECEF29826B2500B4217D /* GoogleService-Info.plist in Resources */,
			);
			runOnlyForDeploymentPostprocessing = 0;
		};
		7579065929810A1E003D5155 /* Resources */ = {
			isa = PBXResourcesBuildPhase;
			buildActionMask = 2147483647;
			files = (
			);
			runOnlyForDeploymentPostprocessing = 0;
		};
		7579066329810A1F003D5155 /* Resources */ = {
			isa = PBXResourcesBuildPhase;
			buildActionMask = 2147483647;
			files = (
			);
			runOnlyForDeploymentPostprocessing = 0;
		};
/* End PBXResourcesBuildPhase section */

/* Begin PBXSourcesBuildPhase section */
		7579064729810A17003D5155 /* Sources */ = {
			isa = PBXSourcesBuildPhase;
			buildActionMask = 2147483647;
			files = (
				7579065129810A17003D5155 /* ContentView.swift in Sources */,
				7579064F29810A17003D5155 /* Foodie_PalApp.swift in Sources */,
			);
			runOnlyForDeploymentPostprocessing = 0;
		};
		7579065729810A1E003D5155 /* Sources */ = {
			isa = PBXSourcesBuildPhase;
			buildActionMask = 2147483647;
			files = (
				7579066029810A1E003D5155 /* Foodie_PalTests.swift in Sources */,
			);
			runOnlyForDeploymentPostprocessing = 0;
		};
		7579066129810A1F003D5155 /* Sources */ = {
			isa = PBXSourcesBuildPhase;
			buildActionMask = 2147483647;
			files = (
				7579066C29810A1F003D5155 /* Foodie_PalUITestsLaunchTests.swift in Sources */,
				7579066A29810A1F003D5155 /* Foodie_PalUITests.swift in Sources */,
			);
			runOnlyForDeploymentPostprocessing = 0;
		};
/* End PBXSourcesBuildPhase section */

/* Begin PBXTargetDependency section */
		7579065D29810A1E003D5155 /* PBXTargetDependency */ = {
			isa = PBXTargetDependency;
			target = 7579064A29810A17003D5155 /* Foodie Pal */;
			targetProxy = 7579065C29810A1E003D5155 /* PBXContainerItemProxy */;
		};
		7579066729810A1F003D5155 /* PBXTargetDependency */ = {
			isa = PBXTargetDependency;
			target = 7579064A29810A17003D5155 /* Foodie Pal */;
			targetProxy = 7579066629810A1F003D5155 /* PBXContainerItemProxy */;
		};
/* End PBXTargetDependency section */

/* Begin XCBuildConfiguration section */
		7579066D29810A1F003D5155 /* Debug */ = {
			isa = XCBuildConfiguration;
			buildSettings = {
				ALWAYS_SEARCH_USER_PATHS = NO;
				CLANG_ANALYZER_NONNULL = YES;
				CLANG_ANALYZER_NUMBER_OBJECT_CONVERSION = YES_AGGRESSIVE;
				CLANG_CXX_LANGUAGE_STANDARD = "gnu++20";
				CLANG_ENABLE_MODULES = YES;
				CLANG_ENABLE_OBJC_ARC = YES;
				CLANG_ENABLE_OBJC_WEAK = YES;
				CLANG_WARN_BLOCK_CAPTURE_AUTORELEASING = YES;
				CLANG_WARN_BOOL_CONVERSION = YES;
				CLANG_WARN_COMMA = YES;
				CLANG_WARN_CONSTANT_CONVERSION = YES;
				CLANG_WARN_DEPRECATED_OBJC_IMPLEMENTATIONS = YES;
				CLANG_WARN_DIRECT_OBJC_ISA_USAGE = YES_ERROR;
				CLANG_WARN_DOCUMENTATION_COMMENTS = YES;
				CLANG_WARN_EMPTY_BODY = YES;
				CLANG_WARN_ENUM_CONVERSION = YES;
				CLANG_WARN_INFINITE_RECURSION = YES;
				CLANG_WARN_INT_CONVERSION = YES;
				CLANG_WARN_NON_LITERAL_NULL_CONVERSION = YES;
				CLANG_WARN_OBJC_IMPLICIT_RETAIN_SELF = YES;
				CLANG_WARN_OBJC_LITERAL_CONVERSION = YES;
				CLANG_WARN_OBJC_ROOT_CLASS = YES_ERROR;
				CLANG_WARN_QUOTED_INCLUDE_IN_FRAMEWORK_HEADER = YES;
				CLANG_WARN_RANGE_LOOP_ANALYSIS = YES;
				CLANG_WARN_STRICT_PROTOTYPES = YES;
				CLANG_WARN_SUSPICIOUS_MOVE = YES;
				CLANG_WARN_UNGUARDED_AVAILABILITY = YES_AGGRESSIVE;
				CLANG_WARN_UNREACHABLE_CODE = YES;
				CLANG_WARN__DUPLICATE_METHOD_MATCH = YES;
				COPY_PHASE_STRIP = NO;
				DEBUG_INFORMATION_FORMAT = dwarf;
				ENABLE_STRICT_OBJC_MSGSEND = YES;
				ENABLE_TESTABILITY = YES;
				GCC_C_LANGUAGE_STANDARD = gnu11;
				GCC_DYNAMIC_NO_PIC = NO;
				GCC_NO_COMMON_BLOCKS = YES;
				GCC_OPTIMIZATION_LEVEL = 0;
				GCC_PREPROCESSOR_DEFINITIONS = (
					"DEBUG=1",
					"$(inherited)",
				);
				GCC_WARN_64_TO_32_BIT_CONVERSION = YES;
				GCC_WARN_ABOUT_RETURN_TYPE = YES_ERROR;
				GCC_WARN_UNDECLARED_SELECTOR = YES;
				GCC_WARN_UNINITIALIZED_AUTOS = YES_AGGRESSIVE;
				GCC_WARN_UNUSED_FUNCTION = YES;
				GCC_WARN_UNUSED_VARIABLE = YES;
				IPHONEOS_DEPLOYMENT_TARGET = 16.2;
				MTL_ENABLE_DEBUG_INFO = INCLUDE_SOURCE;
				MTL_FAST_MATH = YES;
				ONLY_ACTIVE_ARCH = YES;
				SDKROOT = iphoneos;
				SWIFT_ACTIVE_COMPILATION_CONDITIONS = DEBUG;
				SWIFT_OPTIMIZATION_LEVEL = "-Onone";
			};
			name = Debug;
		};
		7579066E29810A1F003D5155 /* Release */ = {
			isa = XCBuildConfiguration;
			buildSettings = {
				ALWAYS_SEARCH_USER_PATHS = NO;
				CLANG_ANALYZER_NONNULL = YES;
				CLANG_ANALYZER_NUMBER_OBJECT_CONVERSION = YES_AGGRESSIVE;
				CLANG_CXX_LANGUAGE_STANDARD = "gnu++20";
				CLANG_ENABLE_MODULES = YES;
				CLANG_ENABLE_OBJC_ARC = YES;
				CLANG_ENABLE_OBJC_WEAK = YES;
				CLANG_WARN_BLOCK_CAPTURE_AUTORELEASING = YES;
				CLANG_WARN_BOOL_CONVERSION = YES;
				CLANG_WARN_COMMA = YES;
				CLANG_WARN_CONSTANT_CONVERSION = YES;
				CLANG_WARN_DEPRECATED_OBJC_IMPLEMENTATIONS = YES;
				CLANG_WARN_DIRECT_OBJC_ISA_USAGE = YES_ERROR;
				CLANG_WARN_DOCUMENTATION_COMMENTS = YES;
				CLANG_WARN_EMPTY_BODY = YES;
				CLANG_WARN_ENUM_CONVERSION = YES;
				CLANG_WARN_INFINITE_RECURSION = YES;
				CLANG_WARN_INT_CONVERSION = YES;
				CLANG_WARN_NON_LITERAL_NULL_CONVERSION = YES;
				CLANG_WARN_OBJC_IMPLICIT_RETAIN_SELF = YES;
				CLANG_WARN_OBJC_LITERAL_CONVERSION = YES;
				CLANG_WARN_OBJC_ROOT_CLASS = YES_ERROR;
				CLANG_WARN_QUOTED_INCLUDE_IN_FRAMEWORK_HEADER = YES;
				CLANG_WARN_RANGE_LOOP_ANALYSIS = YES;
				CLANG_WARN_STRICT_PROTOTYPES = YES;
				CLANG_WARN_SUSPICIOUS_MOVE = YES;
				CLANG_WARN_UNGUARDED_AVAILABILITY = YES_AGGRESSIVE;
				CLANG_WARN_UNREACHABLE_CODE = YES;
				CLANG_WARN__DUPLICATE_METHOD_MATCH = YES;
				COPY_PHASE_STRIP = NO;
				DEBUG_INFORMATION_FORMAT = "dwarf-with-dsym";
				ENABLE_NS_ASSERTIONS = NO;
				ENABLE_STRICT_OBJC_MSGSEND = YES;
				GCC_C_LANGUAGE_STANDARD = gnu11;
				GCC_NO_COMMON_BLOCKS = YES;
				GCC_WARN_64_TO_32_BIT_CONVERSION = YES;
				GCC_WARN_ABOUT_RETURN_TYPE = YES_ERROR;
				GCC_WARN_UNDECLARED_SELECTOR = YES;
				GCC_WARN_UNINITIALIZED_AUTOS = YES_AGGRESSIVE;
				GCC_WARN_UNUSED_FUNCTION = YES;
				GCC_WARN_UNUSED_VARIABLE = YES;
				IPHONEOS_DEPLOYMENT_TARGET = 16.2;
				MTL_ENABLE_DEBUG_INFO = NO;
				MTL_FAST_MATH = YES;
				SDKROOT = iphoneos;
				SWIFT_COMPILATION_MODE = wholemodule;
				SWIFT_OPTIMIZATION_LEVEL = "-O";
				VALIDATE_PRODUCT = YES;
			};
			name = Release;
		};
		7579067029810A1F003D5155 /* Debug */ = {
			isa = XCBuildConfiguration;
			buildSettings = {
				ASSETCATALOG_COMPILER_APPICON_NAME = AppIcon;
				ASSETCATALOG_COMPILER_GLOBAL_ACCENT_COLOR_NAME = AccentColor;
				CODE_SIGN_STYLE = Automatic;
				CURRENT_PROJECT_VERSION = 1;
				DEVELOPMENT_ASSET_PATHS = "\"Foodie Pal/Preview Content\"";
				ENABLE_PREVIEWS = YES;
				GENERATE_INFOPLIST_FILE = YES;
				INFOPLIST_KEY_UIApplicationSceneManifest_Generation = YES;
				INFOPLIST_KEY_UIApplicationSupportsIndirectInputEvents = YES;
				INFOPLIST_KEY_UILaunchScreen_Generation = YES;
				INFOPLIST_KEY_UISupportedInterfaceOrientations_iPad = "UIInterfaceOrientationPortrait UIInterfaceOrientationPortraitUpsideDown UIInterfaceOrientationLandscapeLeft UIInterfaceOrientationLandscapeRight";
				INFOPLIST_KEY_UISupportedInterfaceOrientations_iPhone = "UIInterfaceOrientationPortrait UIInterfaceOrientationLandscapeLeft UIInterfaceOrientationLandscapeRight";
				LD_RUNPATH_SEARCH_PATHS = (
					"$(inherited)",
					"@executable_path/Frameworks",
				);
				MARKETING_VERSION = 1.0;
				PRODUCT_BUNDLE_IDENTIFIER = "com.example.Foodie-Pal";
				PRODUCT_NAME = "$(TARGET_NAME)";
				SWIFT_EMIT_LOC_STRINGS = YES;
				SWIFT_VERSION = 5.0;
				TARGETED_DEVICE_FAMILY = "1,2";
			};
			name = Debug;
		};
		7579067129810A1F003D5155 /* Release */ = {
			isa = XCBuildConfiguration;
			buildSettings = {
				ASSETCATALOG_COMPILER_APPICON_NAME = AppIcon;
				ASSETCATALOG_COMPILER_GLOBAL_ACCENT_COLOR_NAME = AccentColor;
				CODE_SIGN_STYLE = Automatic;
				CURRENT_PROJECT_VERSION = 1;
				DEVELOPMENT_ASSET_PATHS = "\"Foodie Pal/Preview Content\"";
				ENABLE_PREVIEWS = YES;
				GENERATE_INFOPLIST_FILE = YES;
				INFOPLIST_KEY_UIApplicationSceneManifest_Generation = YES;
				INFOPLIST_KEY_UIApplicationSupportsIndirectInputEvents = YES;
				INFOPLIST_KEY_UILaunchScreen_Generation = YES;
				INFOPLIST_KEY_UISupportedInterfaceOrientations_iPad = "UIInterfaceOrientationPortrait UIInterfaceOrientationPortraitUpsideDown UIInterfaceOrientationLandscapeLeft UIInterfaceOrientationLandscapeRight";
				INFOPLIST_KEY_UISupportedInterfaceOrientations_iPhone = "UIInterfaceOrientationPortrait UIInterfaceOrientationLandscapeLeft UIInterfaceOrientationLandscapeRight";
				LD_RUNPATH_SEARCH_PATHS = (
					"$(inherited)",
					"@executable_path/Frameworks",
				);
				MARKETING_VERSION = 1.0;
				PRODUCT_BUNDLE_IDENTIFIER = "com.example.Foodie-Pal";
				PRODUCT_NAME = "$(TARGET_NAME)";
				SWIFT_EMIT_LOC_STRINGS = YES;
				SWIFT_VERSION = 5.0;
				TARGETED_DEVICE_FAMILY = "1,2";
			};
			name = Release;
		};
		7579067329810A1F003D5155 /* Debug */ = {
			isa = XCBuildConfiguration;
			buildSettings = {
				ALWAYS_EMBED_SWIFT_STANDARD_LIBRARIES = YES;
				BUNDLE_LOADER = "$(TEST_HOST)";
				CODE_SIGN_STYLE = Automatic;
				CURRENT_PROJECT_VERSION = 1;
				GENERATE_INFOPLIST_FILE = YES;
				IPHONEOS_DEPLOYMENT_TARGET = 16.2;
				MARKETING_VERSION = 1.0;
				PRODUCT_BUNDLE_IDENTIFIER = "com.example.Foodie-PalTests";
				PRODUCT_NAME = "$(TARGET_NAME)";
				SWIFT_EMIT_LOC_STRINGS = NO;
				SWIFT_VERSION = 5.0;
				TARGETED_DEVICE_FAMILY = "1,2";
				TEST_HOST = "$(BUILT_PRODUCTS_DIR)/Foodie Pal.app/$(BUNDLE_EXECUTABLE_FOLDER_PATH)/Foodie Pal";
			};
			name = Debug;
		};
		7579067429810A1F003D5155 /* Release */ = {
			isa = XCBuildConfiguration;
			buildSettings = {
				ALWAYS_EMBED_SWIFT_STANDARD_LIBRARIES = YES;
				BUNDLE_LOADER = "$(TEST_HOST)";
				CODE_SIGN_STYLE = Automatic;
				CURRENT_PROJECT_VERSION = 1;
				GENERATE_INFOPLIST_FILE = YES;
				IPHONEOS_DEPLOYMENT_TARGET = 16.2;
				MARKETING_VERSION = 1.0;
				PRODUCT_BUNDLE_IDENTIFIER = "com.example.Foodie-PalTests";
				PRODUCT_NAME = "$(TARGET_NAME)";
				SWIFT_EMIT_LOC_STRINGS = NO;
				SWIFT_VERSION = 5.0;
				TARGETED_DEVICE_FAMILY = "1,2";
				TEST_HOST = "$(BUILT_PRODUCTS_DIR)/Foodie Pal.app/$(BUNDLE_EXECUTABLE_FOLDER_PATH)/Foodie Pal";
			};
			name = Release;
		};
		7579067629810A1F003D5155 /* Debug */ = {
			isa = XCBuildConfiguration;
			buildSettings = {
				ALWAYS_EMBED_SWIFT_STANDARD_LIBRARIES = YES;
				CODE_SIGN_STYLE = Automatic;
				CURRENT_PROJECT_VERSION = 1;
				GENERATE_INFOPLIST_FILE = YES;
				MARKETING_VERSION = 1.0;
				PRODUCT_BUNDLE_IDENTIFIER = "com.example.Foodie-PalUITests";
				PRODUCT_NAME = "$(TARGET_NAME)";
				SWIFT_EMIT_LOC_STRINGS = NO;
				SWIFT_VERSION = 5.0;
				TARGETED_DEVICE_FAMILY = "1,2";
				TEST_TARGET_NAME = "Foodie Pal";
			};
			name = Debug;
		};
		7579067729810A1F003D5155 /* Release */ = {
			isa = XCBuildConfiguration;
			buildSettings = {
				ALWAYS_EMBED_SWIFT_STANDARD_LIBRARIES = YES;
				CODE_SIGN_STYLE = Automatic;
				CURRENT_PROJECT_VERSION = 1;
				GENERATE_INFOPLIST_FILE = YES;
				MARKETING_VERSION = 1.0;
				PRODUCT_BUNDLE_IDENTIFIER = "com.example.Foodie-PalUITests";
				PRODUCT_NAME = "$(TARGET_NAME)";
				SWIFT_EMIT_LOC_STRINGS = NO;
				SWIFT_VERSION = 5.0;
				TARGETED_DEVICE_FAMILY = "1,2";
				TEST_TARGET_NAME = "Foodie Pal";
			};
			name = Release;
		};
/* End XCBuildConfiguration section */

/* Begin XCConfigurationList section */
		7579064629810A16003D5155 /* Build configuration list for PBXProject "Foodie Pal" */ = {
			isa = XCConfigurationList;
			buildConfigurations = (
				7579066D29810A1F003D5155 /* Debug */,
				7579066E29810A1F003D5155 /* Release */,
			);
			defaultConfigurationIsVisible = 0;
			defaultConfigurationName = Release;
		};
		7579066F29810A1F003D5155 /* Build configuration list for PBXNativeTarget "Foodie Pal" */ = {
			isa = XCConfigurationList;
			buildConfigurations = (
				7579067029810A1F003D5155 /* Debug */,
				7579067129810A1F003D5155 /* Release */,
			);
			defaultConfigurationIsVisible = 0;
			defaultConfigurationName = Release;
		};
		7579067229810A1F003D5155 /* Build configuration list for PBXNativeTarget "Foodie PalTests" */ = {
			isa = XCConfigurationList;
			buildConfigurations = (
				7579067329810A1F003D5155 /* Debug */,
				7579067429810A1F003D5155 /* Release */,
			);
			defaultConfigurationIsVisible = 0;
			defaultConfigurationName = Release;
		};
		7579067529810A1F003D5155 /* Build configuration list for PBXNativeTarget "Foodie PalUITests" */ = {
			isa = XCConfigurationList;
			buildConfigurations = (
				7579067629810A1F003D5155 /* Debug */,
				7579067729810A1F003D5155 /* Release */,
			);
			defaultConfigurationIsVisible = 0;
			defaultConfigurationName = Release;
		};
/* End XCConfigurationList section */

/* Begin XCRemoteSwiftPackageReference section */
		7579067A2981252F003D5155 /* XCRemoteSwiftPackageReference "firebase-ios-sdk" */ = {
			isa = XCRemoteSwiftPackageReference;
			repositoryURL = "https://github.com/firebase/firebase-ios-sdk";
			requirement = {
				kind = upToNextMajorVersion;
				minimumVersion = 9.0.0;
			};
		};
/* End XCRemoteSwiftPackageReference section */

/* Begin XCSwiftPackageProductDependency section */
		7579067B2981252F003D5155 /* FirebaseAuth */ = {
			isa = XCSwiftPackageProductDependency;
			package = 7579067A2981252F003D5155 /* XCRemoteSwiftPackageReference "firebase-ios-sdk" */;
			productName = FirebaseAuth;
		};
		7579067D2981252F003D5155 /* FirebaseFirestore */ = {
			isa = XCSwiftPackageProductDependency;
			package = 7579067A2981252F003D5155 /* XCRemoteSwiftPackageReference "firebase-ios-sdk" */;
			productName = FirebaseFirestore;
		};
		7579067F2981252F003D5155 /* FirebaseFirestoreSwift */ = {
			isa = XCSwiftPackageProductDependency;
			package = 7579067A2981252F003D5155 /* XCRemoteSwiftPackageReference "firebase-ios-sdk" */;
			productName = FirebaseFirestoreSwift;
		};
		757906812981252F003D5155 /* FirebaseFunctions */ = {
			isa = XCSwiftPackageProductDependency;
			package = 7579067A2981252F003D5155 /* XCRemoteSwiftPackageReference "firebase-ios-sdk" */;
			productName = FirebaseFunctions;
		};
/* End XCSwiftPackageProductDependency section */
	};
	rootObject = 7579064329810A16003D5155 /* Project object */;
}
